
Microsoft Visual Studio Solution File, Format Version 12.00
# Visual Studio Version 17
VisualStudioVersion = 17.11.35219.272
MinimumVisualStudioVersion = 10.0.40219.1
Project("{FAE04EC0-301F-11D3-BF4B-00C04F79EFBC}") = "ProjetoPizzaria", "ProjetoPizzaria\ProjetoPizzaria.csproj", "{417528EF-F8D5-4989-A7B4-288F741E9400}"
EndProject
Global
	GlobalSection(SolutionConfigurationPlatforms) = preSolution
		Debug|Any CPU = Debug|Any CPU
		Release|Any CPU = Release|Any CPU
	EndGlobalSection
	GlobalSection(ProjectConfigurationPlatforms) = postSolution
		{417528EF-F8D5-4989-A7B4-288F741E9400}.Debug|Any CPU.ActiveCfg = Debug|Any CPU
		{417528EF-F8D5-4989-A7B4-288F741E9400}.Debug|Any CPU.Build.0 = Debug|Any CPU
		{417528EF-F8D5-4989-A7B4-288F741E9400}.Release|Any CPU.ActiveCfg = Release|Any CPU
		{417528EF-F8D5-4989-A7B4-288F741E9400}.Release|Any CPU.Build.0 = Release|Any CPU
	EndGlobalSection
	GlobalSection(SolutionProperties) = preSolution
		HideSolutionNode = FALSE
	EndGlobalSection
	GlobalSection(ExtensibilityGlobals) = postSolution
		SolutionGuid = {18A6B5A7-F6AF-4575-B600-04C3E9571579}
	EndGlobalSection
EndGlobal
